// !$*UTF8*$!
{
	archiveVersion = 1;
	classes = {
	};
	objectVersion = 48;
	objects = {

/* Begin PBXBuildFile section */
		121DA2DCEDB0D924023FF850 /* Pods_FoodMoodUITests.framework in Frameworks */ = {isa = PBXBuildFile; fileRef = 572F03344237C211B5794DEA /* Pods_FoodMoodUITests.framework */; };
		20418D83203E36B10013FC26 /* GoogleService-Info.plist in Resources */ = {isa = PBXBuildFile; fileRef = 20418D82203E36B10013FC26 /* GoogleService-Info.plist */; };
		274C39BCBF3715871F708501 /* Pods_FoodMoodTests.framework in Frameworks */ = {isa = PBXBuildFile; fileRef = 90DA3DA04CC24C05FC0BC94D /* Pods_FoodMoodTests.framework */; };
		A799C26EF342E7C67D292144 /* Pods_FoodMood.framework in Frameworks */ = {isa = PBXBuildFile; fileRef = BCE0DA6C6364D36AD374C387 /* Pods_FoodMood.framework */; };
		D401C5C9203B989B006B1A11 /* AppDelegate.swift in Sources */ = {isa = PBXBuildFile; fileRef = D401C5C8203B989B006B1A11 /* AppDelegate.swift */; };
		D401C5CB203B989B006B1A11 /* ViewController.swift in Sources */ = {isa = PBXBuildFile; fileRef = D401C5CA203B989B006B1A11 /* ViewController.swift */; };
		D401C5CE203B989B006B1A11 /* Main.storyboard in Resources */ = {isa = PBXBuildFile; fileRef = D401C5CC203B989B006B1A11 /* Main.storyboard */; };
		D401C5D0203B989B006B1A11 /* Assets.xcassets in Resources */ = {isa = PBXBuildFile; fileRef = D401C5CF203B989B006B1A11 /* Assets.xcassets */; };
		D401C5D3203B989B006B1A11 /* LaunchScreen.storyboard in Resources */ = {isa = PBXBuildFile; fileRef = D401C5D1203B989B006B1A11 /* LaunchScreen.storyboard */; };
		D401C5DE203B989B006B1A11 /* FoodMoodTests.swift in Sources */ = {isa = PBXBuildFile; fileRef = D401C5DD203B989B006B1A11 /* FoodMoodTests.swift */; };
		D401C5E9203B989B006B1A11 /* FoodMoodUITests.swift in Sources */ = {isa = PBXBuildFile; fileRef = D401C5E8203B989B006B1A11 /* FoodMoodUITests.swift */; };
		D4AA9732204E0824008F3371 /* LoginViewController.swift in Sources */ = {isa = PBXBuildFile; fileRef = D4AA9731204E0824008F3371 /* LoginViewController.swift */; };
/* End PBXBuildFile section */

/* Begin PBXContainerItemProxy section */
		D401C5DA203B989B006B1A11 /* PBXContainerItemProxy */ = {
			isa = PBXContainerItemProxy;
			containerPortal = D401C5BD203B989B006B1A11 /* Project object */;
			proxyType = 1;
			remoteGlobalIDString = D401C5C4203B989B006B1A11;
			remoteInfo = FoodMood;
		};
		D401C5E5203B989B006B1A11 /* PBXContainerItemProxy */ = {
			isa = PBXContainerItemProxy;
			containerPortal = D401C5BD203B989B006B1A11 /* Project object */;
			proxyType = 1;
			remoteGlobalIDString = D401C5C4203B989B006B1A11;
			remoteInfo = FoodMood;
		};
/* End PBXContainerItemProxy section */

/* Begin PBXFileReference section */
		1B4700925890CDAD21E42A2A /* Pods-FoodMood.debug.xcconfig */ = {isa = PBXFileReference; includeInIndex = 1; lastKnownFileType = text.xcconfig; name = "Pods-FoodMood.debug.xcconfig"; path = "Pods/Target Support Files/Pods-FoodMood/Pods-FoodMood.debug.xcconfig"; sourceTree = "<group>"; };
		20418D82203E36B10013FC26 /* GoogleService-Info.plist */ = {isa = PBXFileReference; fileEncoding = 4; lastKnownFileType = text.plist.xml; path = "GoogleService-Info.plist"; sourceTree = "<group>"; };
		3FB6AA8C07BEB0CEE5F112A9 /* Pods-FoodMoodTests.debug.xcconfig */ = {isa = PBXFileReference; includeInIndex = 1; lastKnownFileType = text.xcconfig; name = "Pods-FoodMoodTests.debug.xcconfig"; path = "Pods/Target Support Files/Pods-FoodMoodTests/Pods-FoodMoodTests.debug.xcconfig"; sourceTree = "<group>"; };
		572F03344237C211B5794DEA /* Pods_FoodMoodUITests.framework */ = {isa = PBXFileReference; explicitFileType = wrapper.framework; includeInIndex = 0; path = Pods_FoodMoodUITests.framework; sourceTree = BUILT_PRODUCTS_DIR; };
		7C98F6DEC3B4E8693805199A /* Pods-FoodMoodUITests.debug.xcconfig */ = {isa = PBXFileReference; includeInIndex = 1; lastKnownFileType = text.xcconfig; name = "Pods-FoodMoodUITests.debug.xcconfig"; path = "Pods/Target Support Files/Pods-FoodMoodUITests/Pods-FoodMoodUITests.debug.xcconfig"; sourceTree = "<group>"; };
		7E5EB3B908FE7449E6EB197F /* Pods-FoodMoodUITests.release.xcconfig */ = {isa = PBXFileReference; includeInIndex = 1; lastKnownFileType = text.xcconfig; name = "Pods-FoodMoodUITests.release.xcconfig"; path = "Pods/Target Support Files/Pods-FoodMoodUITests/Pods-FoodMoodUITests.release.xcconfig"; sourceTree = "<group>"; };
		90DA3DA04CC24C05FC0BC94D /* Pods_FoodMoodTests.framework */ = {isa = PBXFileReference; explicitFileType = wrapper.framework; includeInIndex = 0; path = Pods_FoodMoodTests.framework; sourceTree = BUILT_PRODUCTS_DIR; };
		A25ED1D169E1BC87A7D4D7C3 /* Pods-FoodMoodTests.release.xcconfig */ = {isa = PBXFileReference; includeInIndex = 1; lastKnownFileType = text.xcconfig; name = "Pods-FoodMoodTests.release.xcconfig"; path = "Pods/Target Support Files/Pods-FoodMoodTests/Pods-FoodMoodTests.release.xcconfig"; sourceTree = "<group>"; };
		BCE0DA6C6364D36AD374C387 /* Pods_FoodMood.framework */ = {isa = PBXFileReference; explicitFileType = wrapper.framework; includeInIndex = 0; path = Pods_FoodMood.framework; sourceTree = BUILT_PRODUCTS_DIR; };
		C2C72B4C87CE3907A0DFCB0A /* Pods-FoodMood.release.xcconfig */ = {isa = PBXFileReference; includeInIndex = 1; lastKnownFileType = text.xcconfig; name = "Pods-FoodMood.release.xcconfig"; path = "Pods/Target Support Files/Pods-FoodMood/Pods-FoodMood.release.xcconfig"; sourceTree = "<group>"; };
		D401C5C5203B989B006B1A11 /* FoodMood.app */ = {isa = PBXFileReference; explicitFileType = wrapper.application; includeInIndex = 0; path = FoodMood.app; sourceTree = BUILT_PRODUCTS_DIR; };
		D401C5C8203B989B006B1A11 /* AppDelegate.swift */ = {isa = PBXFileReference; lastKnownFileType = sourcecode.swift; path = AppDelegate.swift; sourceTree = "<group>"; };
		D401C5CA203B989B006B1A11 /* ViewController.swift */ = {isa = PBXFileReference; lastKnownFileType = sourcecode.swift; path = ViewController.swift; sourceTree = "<group>"; };
		D401C5CD203B989B006B1A11 /* Base */ = {isa = PBXFileReference; lastKnownFileType = file.storyboard; name = Base; path = Base.lproj/Main.storyboard; sourceTree = "<group>"; };
		D401C5CF203B989B006B1A11 /* Assets.xcassets */ = {isa = PBXFileReference; lastKnownFileType = folder.assetcatalog; path = Assets.xcassets; sourceTree = "<group>"; };
		D401C5D2203B989B006B1A11 /* Base */ = {isa = PBXFileReference; lastKnownFileType = file.storyboard; name = Base; path = Base.lproj/LaunchScreen.storyboard; sourceTree = "<group>"; };
		D401C5D4203B989B006B1A11 /* Info.plist */ = {isa = PBXFileReference; lastKnownFileType = text.plist.xml; path = Info.plist; sourceTree = "<group>"; };
		D401C5D9203B989B006B1A11 /* FoodMoodTests.xctest */ = {isa = PBXFileReference; explicitFileType = wrapper.cfbundle; includeInIndex = 0; path = FoodMoodTests.xctest; sourceTree = BUILT_PRODUCTS_DIR; };
		D401C5DD203B989B006B1A11 /* FoodMoodTests.swift */ = {isa = PBXFileReference; lastKnownFileType = sourcecode.swift; path = FoodMoodTests.swift; sourceTree = "<group>"; };
		D401C5DF203B989B006B1A11 /* Info.plist */ = {isa = PBXFileReference; lastKnownFileType = text.plist.xml; path = Info.plist; sourceTree = "<group>"; };
		D401C5E4203B989B006B1A11 /* FoodMoodUITests.xctest */ = {isa = PBXFileReference; explicitFileType = wrapper.cfbundle; includeInIndex = 0; path = FoodMoodUITests.xctest; sourceTree = BUILT_PRODUCTS_DIR; };
		D401C5E8203B989B006B1A11 /* FoodMoodUITests.swift */ = {isa = PBXFileReference; lastKnownFileType = sourcecode.swift; path = FoodMoodUITests.swift; sourceTree = "<group>"; };
		D401C5EA203B989B006B1A11 /* Info.plist */ = {isa = PBXFileReference; lastKnownFileType = text.plist.xml; path = Info.plist; sourceTree = "<group>"; };
		D4AA9731204E0824008F3371 /* LoginViewController.swift */ = {isa = PBXFileReference; lastKnownFileType = sourcecode.swift; path = LoginViewController.swift; sourceTree = "<group>"; };
/* End PBXFileReference section */

/* Begin PBXFrameworksBuildPhase section */
		D401C5C2203B989B006B1A11 /* Frameworks */ = {
			isa = PBXFrameworksBuildPhase;
			buildActionMask = 2147483647;
			files = (
				A799C26EF342E7C67D292144 /* Pods_FoodMood.framework in Frameworks */,
			);
			runOnlyForDeploymentPostprocessing = 0;
		};
		D401C5D6203B989B006B1A11 /* Frameworks */ = {
			isa = PBXFrameworksBuildPhase;
			buildActionMask = 2147483647;
			files = (
				274C39BCBF3715871F708501 /* Pods_FoodMoodTests.framework in Frameworks */,
			);
			runOnlyForDeploymentPostprocessing = 0;
		};
		D401C5E1203B989B006B1A11 /* Frameworks */ = {
			isa = PBXFrameworksBuildPhase;
			buildActionMask = 2147483647;
			files = (
				121DA2DCEDB0D924023FF850 /* Pods_FoodMoodUITests.framework in Frameworks */,
			);
			runOnlyForDeploymentPostprocessing = 0;
		};
/* End PBXFrameworksBuildPhase section */

/* Begin PBXGroup section */
		3224CCC279A7D670364E9013 /* Frameworks */ = {
			isa = PBXGroup;
			children = (
				BCE0DA6C6364D36AD374C387 /* Pods_FoodMood.framework */,
				90DA3DA04CC24C05FC0BC94D /* Pods_FoodMoodTests.framework */,
				572F03344237C211B5794DEA /* Pods_FoodMoodUITests.framework */,
			);
			name = Frameworks;
			sourceTree = "<group>";
		};
		74F963AE7F5645395674CC0F /* Pods */ = {
			isa = PBXGroup;
			children = (
				1B4700925890CDAD21E42A2A /* Pods-FoodMood.debug.xcconfig */,
				C2C72B4C87CE3907A0DFCB0A /* Pods-FoodMood.release.xcconfig */,
				3FB6AA8C07BEB0CEE5F112A9 /* Pods-FoodMoodTests.debug.xcconfig */,
				A25ED1D169E1BC87A7D4D7C3 /* Pods-FoodMoodTests.release.xcconfig */,
				7C98F6DEC3B4E8693805199A /* Pods-FoodMoodUITests.debug.xcconfig */,
				7E5EB3B908FE7449E6EB197F /* Pods-FoodMoodUITests.release.xcconfig */,
			);
			name = Pods;
			sourceTree = "<group>";
		};
		D401C5BC203B989B006B1A11 = {
			isa = PBXGroup;
			children = (
				D401C5C7203B989B006B1A11 /* FoodMood */,
				D401C5DC203B989B006B1A11 /* FoodMoodTests */,
				D401C5E7203B989B006B1A11 /* FoodMoodUITests */,
				D401C5C6203B989B006B1A11 /* Products */,
				74F963AE7F5645395674CC0F /* Pods */,
				3224CCC279A7D670364E9013 /* Frameworks */,
			);
			sourceTree = "<group>";
		};
		D401C5C6203B989B006B1A11 /* Products */ = {
			isa = PBXGroup;
			children = (
				D401C5C5203B989B006B1A11 /* FoodMood.app */,
				D401C5D9203B989B006B1A11 /* FoodMoodTests.xctest */,
				D401C5E4203B989B006B1A11 /* FoodMoodUITests.xctest */,
			);
			name = Products;
			sourceTree = "<group>";
		};
		D401C5C7203B989B006B1A11 /* FoodMood */ = {
			isa = PBXGroup;
			children = (
				D401C5C8203B989B006B1A11 /* AppDelegate.swift */,
				D401C5CA203B989B006B1A11 /* ViewController.swift */,
				D401C5CC203B989B006B1A11 /* Main.storyboard */,
				D401C5CF203B989B006B1A11 /* Assets.xcassets */,
				D401C5D1203B989B006B1A11 /* LaunchScreen.storyboard */,
				D401C5D4203B989B006B1A11 /* Info.plist */,
				20418D82203E36B10013FC26 /* GoogleService-Info.plist */,
				D4AA9731204E0824008F3371 /* LoginViewController.swift */,
			);
			path = FoodMood;
			sourceTree = "<group>";
		};
		D401C5DC203B989B006B1A11 /* FoodMoodTests */ = {
			isa = PBXGroup;
			children = (
				D401C5DD203B989B006B1A11 /* FoodMoodTests.swift */,
				D401C5DF203B989B006B1A11 /* Info.plist */,
			);
			path = FoodMoodTests;
			sourceTree = "<group>";
		};
		D401C5E7203B989B006B1A11 /* FoodMoodUITests */ = {
			isa = PBXGroup;
			children = (
				D401C5E8203B989B006B1A11 /* FoodMoodUITests.swift */,
				D401C5EA203B989B006B1A11 /* Info.plist */,
			);
			path = FoodMoodUITests;
			sourceTree = "<group>";
		};
/* End PBXGroup section */

/* Begin PBXNativeTarget section */
		D401C5C4203B989B006B1A11 /* FoodMood */ = {
			isa = PBXNativeTarget;
			buildConfigurationList = D401C5ED203B989B006B1A11 /* Build configuration list for PBXNativeTarget "FoodMood" */;
			buildPhases = (
				5FED3BB44F7430E9F86A0E5D /* [CP] Check Pods Manifest.lock */,
				D401C5C1203B989B006B1A11 /* Sources */,
				D401C5C2203B989B006B1A11 /* Frameworks */,
				D401C5C3203B989B006B1A11 /* Resources */,
				662019661B8CD7AB4109113E /* [CP] Embed Pods Frameworks */,
				9EC9862BA596A227F10A59BE /* [CP] Copy Pods Resources */,
			);
			buildRules = (
			);
			dependencies = (
			);
			name = FoodMood;
			productName = FoodMood;
			productReference = D401C5C5203B989B006B1A11 /* FoodMood.app */;
			productType = "com.apple.product-type.application";
		};
		D401C5D8203B989B006B1A11 /* FoodMoodTests */ = {
			isa = PBXNativeTarget;
			buildConfigurationList = D401C5F0203B989B006B1A11 /* Build configuration list for PBXNativeTarget "FoodMoodTests" */;
			buildPhases = (
				95B78EAC03A1C34270A59D7C /* [CP] Check Pods Manifest.lock */,
				D401C5D5203B989B006B1A11 /* Sources */,
				D401C5D6203B989B006B1A11 /* Frameworks */,
				D401C5D7203B989B006B1A11 /* Resources */,
				C1232BBDCADD7AC9FE70DB4D /* [CP] Embed Pods Frameworks */,
				232870E16B92F7C081F0D543 /* [CP] Copy Pods Resources */,
			);
			buildRules = (
			);
			dependencies = (
				D401C5DB203B989B006B1A11 /* PBXTargetDependency */,
			);
			name = FoodMoodTests;
			productName = FoodMoodTests;
			productReference = D401C5D9203B989B006B1A11 /* FoodMoodTests.xctest */;
			productType = "com.apple.product-type.bundle.unit-test";
		};
		D401C5E3203B989B006B1A11 /* FoodMoodUITests */ = {
			isa = PBXNativeTarget;
			buildConfigurationList = D401C5F3203B989B006B1A11 /* Build configuration list for PBXNativeTarget "FoodMoodUITests" */;
			buildPhases = (
				84990E9876770E6FE02C8E58 /* [CP] Check Pods Manifest.lock */,
				D401C5E0203B989B006B1A11 /* Sources */,
				D401C5E1203B989B006B1A11 /* Frameworks */,
				D401C5E2203B989B006B1A11 /* Resources */,
				C4DFA2378F3CC9CDD8CD6B5B /* [CP] Embed Pods Frameworks */,
				49048600D2EC1DE1C87C569E /* [CP] Copy Pods Resources */,
			);
			buildRules = (
			);
			dependencies = (
				D401C5E6203B989B006B1A11 /* PBXTargetDependency */,
			);
			name = FoodMoodUITests;
			productName = FoodMoodUITests;
			productReference = D401C5E4203B989B006B1A11 /* FoodMoodUITests.xctest */;
			productType = "com.apple.product-type.bundle.ui-testing";
		};
/* End PBXNativeTarget section */

/* Begin PBXProject section */
		D401C5BD203B989B006B1A11 /* Project object */ = {
			isa = PBXProject;
			attributes = {
				LastSwiftUpdateCheck = 0920;
				LastUpgradeCheck = 0920;
				ORGANIZATIONNAME = iOSGroupProject;
				TargetAttributes = {
					D401C5C4203B989B006B1A11 = {
						CreatedOnToolsVersion = 9.2;
						ProvisioningStyle = Automatic;
					};
					D401C5D8203B989B006B1A11 = {
						CreatedOnToolsVersion = 9.2;
						ProvisioningStyle = Automatic;
						TestTargetID = D401C5C4203B989B006B1A11;
					};
					D401C5E3203B989B006B1A11 = {
						CreatedOnToolsVersion = 9.2;
						ProvisioningStyle = Automatic;
						TestTargetID = D401C5C4203B989B006B1A11;
					};
				};
			};
			buildConfigurationList = D401C5C0203B989B006B1A11 /* Build configuration list for PBXProject "FoodMood" */;
			compatibilityVersion = "Xcode 8.0";
			developmentRegion = en;
			hasScannedForEncodings = 0;
			knownRegions = (
				en,
				Base,
			);
			mainGroup = D401C5BC203B989B006B1A11;
			productRefGroup = D401C5C6203B989B006B1A11 /* Products */;
			projectDirPath = "";
			projectRoot = "";
			targets = (
				D401C5C4203B989B006B1A11 /* FoodMood */,
				D401C5D8203B989B006B1A11 /* FoodMoodTests */,
				D401C5E3203B989B006B1A11 /* FoodMoodUITests */,
			);
		};
/* End PBXProject section */

/* Begin PBXResourcesBuildPhase section */
		D401C5C3203B989B006B1A11 /* Resources */ = {
			isa = PBXResourcesBuildPhase;
			buildActionMask = 2147483647;
			files = (
				D401C5D3203B989B006B1A11 /* LaunchScreen.storyboard in Resources */,
				20418D83203E36B10013FC26 /* GoogleService-Info.plist in Resources */,
				D401C5D0203B989B006B1A11 /* Assets.xcassets in Resources */,
				D401C5CE203B989B006B1A11 /* Main.storyboard in Resources */,
			);
			runOnlyForDeploymentPostprocessing = 0;
		};
		D401C5D7203B989B006B1A11 /* Resources */ = {
			isa = PBXResourcesBuildPhase;
			buildActionMask = 2147483647;
			files = (
			);
			runOnlyForDeploymentPostprocessing = 0;
		};
		D401C5E2203B989B006B1A11 /* Resources */ = {
			isa = PBXResourcesBuildPhase;
			buildActionMask = 2147483647;
			files = (
			);
			runOnlyForDeploymentPostprocessing = 0;
		};
/* End PBXResourcesBuildPhase section */

/* Begin PBXShellScriptBuildPhase section */
		232870E16B92F7C081F0D543 /* [CP] Copy Pods Resources */ = {
			isa = PBXShellScriptBuildPhase;
			buildActionMask = 2147483647;
			files = (
			);
			inputPaths = (
			);
			name = "[CP] Copy Pods Resources";
			outputPaths = (
			);
			runOnlyForDeploymentPostprocessing = 0;
			shellPath = /bin/sh;
			shellScript = "\"${SRCROOT}/Pods/Target Support Files/Pods-FoodMoodTests/Pods-FoodMoodTests-resources.sh\"\n";
			showEnvVarsInLog = 0;
		};
		49048600D2EC1DE1C87C569E /* [CP] Copy Pods Resources */ = {
			isa = PBXShellScriptBuildPhase;
			buildActionMask = 2147483647;
			files = (
			);
			inputPaths = (
			);
			name = "[CP] Copy Pods Resources";
			outputPaths = (
			);
			runOnlyForDeploymentPostprocessing = 0;
			shellPath = /bin/sh;
			shellScript = "\"${SRCROOT}/Pods/Target Support Files/Pods-FoodMoodUITests/Pods-FoodMoodUITests-resources.sh\"\n";
			showEnvVarsInLog = 0;
		};
		5FED3BB44F7430E9F86A0E5D /* [CP] Check Pods Manifest.lock */ = {
			isa = PBXShellScriptBuildPhase;
			buildActionMask = 2147483647;
			files = (
			);
			inputPaths = (
				"${PODS_PODFILE_DIR_PATH}/Podfile.lock",
				"${PODS_ROOT}/Manifest.lock",
			);
			name = "[CP] Check Pods Manifest.lock";
			outputPaths = (
				"$(DERIVED_FILE_DIR)/Pods-FoodMood-checkManifestLockResult.txt",
			);
			runOnlyForDeploymentPostprocessing = 0;
			shellPath = /bin/sh;
			shellScript = "diff \"${PODS_PODFILE_DIR_PATH}/Podfile.lock\" \"${PODS_ROOT}/Manifest.lock\" > /dev/null\nif [ $? != 0 ] ; then\n    # print error to STDERR\n    echo \"error: The sandbox is not in sync with the Podfile.lock. Run 'pod install' or update your CocoaPods installation.\" >&2\n    exit 1\nfi\n# This output is used by Xcode 'outputs' to avoid re-running this script phase.\necho \"SUCCESS\" > \"${SCRIPT_OUTPUT_FILE_0}\"\n";
			showEnvVarsInLog = 0;
		};
		662019661B8CD7AB4109113E /* [CP] Embed Pods Frameworks */ = {
			isa = PBXShellScriptBuildPhase;
			buildActionMask = 2147483647;
			files = (
			);
			inputPaths = (
				"${SRCROOT}/Pods/Target Support Files/Pods-FoodMood/Pods-FoodMood-frameworks.sh",
				"${BUILT_PRODUCTS_DIR}/Bolts/Bolts.framework",
				"${BUILT_PRODUCTS_DIR}/FBSDKCoreKit/FBSDKCoreKit.framework",
				"${BUILT_PRODUCTS_DIR}/FBSDKLoginKit/FBSDKLoginKit.framework",
				"${BUILT_PRODUCTS_DIR}/FBSDKShareKit/FBSDKShareKit.framework",
				"${BUILT_PRODUCTS_DIR}/GTMOAuth2/GTMOAuth2.framework",
				"${BUILT_PRODUCTS_DIR}/GTMSessionFetcher/GTMSessionFetcher.framework",
				"${BUILT_PRODUCTS_DIR}/GoogleToolboxForMac/GoogleToolboxForMac.framework",
				"${BUILT_PRODUCTS_DIR}/leveldb-library/leveldb.framework",
				"${BUILT_PRODUCTS_DIR}/nanopb/nanopb.framework",
			);
			name = "[CP] Embed Pods Frameworks";
			outputPaths = (
				"${TARGET_BUILD_DIR}/${FRAMEWORKS_FOLDER_PATH}/Bolts.framework",
				"${TARGET_BUILD_DIR}/${FRAMEWORKS_FOLDER_PATH}/FBSDKCoreKit.framework",
				"${TARGET_BUILD_DIR}/${FRAMEWORKS_FOLDER_PATH}/FBSDKLoginKit.framework",
				"${TARGET_BUILD_DIR}/${FRAMEWORKS_FOLDER_PATH}/FBSDKShareKit.framework",
				"${TARGET_BUILD_DIR}/${FRAMEWORKS_FOLDER_PATH}/GTMOAuth2.framework",
				"${TARGET_BUILD_DIR}/${FRAMEWORKS_FOLDER_PATH}/GTMSessionFetcher.framework",
				"${TARGET_BUILD_DIR}/${FRAMEWORKS_FOLDER_PATH}/GoogleToolboxForMac.framework",
				"${TARGET_BUILD_DIR}/${FRAMEWORKS_FOLDER_PATH}/leveldb.framework",
				"${TARGET_BUILD_DIR}/${FRAMEWORKS_FOLDER_PATH}/nanopb.framework",
			);
			runOnlyForDeploymentPostprocessing = 0;
			shellPath = /bin/sh;
			shellScript = "\"${SRCROOT}/Pods/Target Support Files/Pods-FoodMood/Pods-FoodMood-frameworks.sh\"\n";
			showEnvVarsInLog = 0;
		};
		84990E9876770E6FE02C8E58 /* [CP] Check Pods Manifest.lock */ = {
			isa = PBXShellScriptBuildPhase;
			buildActionMask = 2147483647;
			files = (
			);
			inputPaths = (
				"${PODS_PODFILE_DIR_PATH}/Podfile.lock",
				"${PODS_ROOT}/Manifest.lock",
			);
			name = "[CP] Check Pods Manifest.lock";
			outputPaths = (
				"$(DERIVED_FILE_DIR)/Pods-FoodMoodUITests-checkManifestLockResult.txt",
			);
			runOnlyForDeploymentPostprocessing = 0;
			shellPath = /bin/sh;
			shellScript = "diff \"${PODS_PODFILE_DIR_PATH}/Podfile.lock\" \"${PODS_ROOT}/Manifest.lock\" > /dev/null\nif [ $? != 0 ] ; then\n    # print error to STDERR\n    echo \"error: The sandbox is not in sync with the Podfile.lock. Run 'pod install' or update your CocoaPods installation.\" >&2\n    exit 1\nfi\n# This output is used by Xcode 'outputs' to avoid re-running this script phase.\necho \"SUCCESS\" > \"${SCRIPT_OUTPUT_FILE_0}\"\n";
			showEnvVarsInLog = 0;
		};
		95B78EAC03A1C34270A59D7C /* [CP] Check Pods Manifest.lock */ = {
			isa = PBXShellScriptBuildPhase;
			buildActionMask = 2147483647;
			files = (
			);
			inputPaths = (
				"${PODS_PODFILE_DIR_PATH}/Podfile.lock",
				"${PODS_ROOT}/Manifest.lock",
			);
			name = "[CP] Check Pods Manifest.lock";
			outputPaths = (
				"$(DERIVED_FILE_DIR)/Pods-FoodMoodTests-checkManifestLockResult.txt",
			);
			runOnlyForDeploymentPostprocessing = 0;
			shellPath = /bin/sh;
			shellScript = "diff \"${PODS_PODFILE_DIR_PATH}/Podfile.lock\" \"${PODS_ROOT}/Manifest.lock\" > /dev/null\nif [ $? != 0 ] ; then\n    # print error to STDERR\n    echo \"error: The sandbox is not in sync with the Podfile.lock. Run 'pod install' or update your CocoaPods installation.\" >&2\n    exit 1\nfi\n# This output is used by Xcode 'outputs' to avoid re-running this script phase.\necho \"SUCCESS\" > \"${SCRIPT_OUTPUT_FILE_0}\"\n";
			showEnvVarsInLog = 0;
		};
		9EC9862BA596A227F10A59BE /* [CP] Copy Pods Resources */ = {
			isa = PBXShellScriptBuildPhase;
			buildActionMask = 2147483647;
			files = (
			);
			inputPaths = (
				"${SRCROOT}/Pods/Target Support Files/Pods-FoodMood/Pods-FoodMood-resources.sh",
				"${PODS_ROOT}/GoogleSignIn/Resources/GoogleSignIn.bundle",
			);
			name = "[CP] Copy Pods Resources";
			outputPaths = (
				"${TARGET_BUILD_DIR}/${UNLOCALIZED_RESOURCES_FOLDER_PATH}/GoogleSignIn.bundle",
			);
			runOnlyForDeploymentPostprocessing = 0;
			shellPath = /bin/sh;
			shellScript = "\"${SRCROOT}/Pods/Target Support Files/Pods-FoodMood/Pods-FoodMood-resources.sh\"\n";
			showEnvVarsInLog = 0;
		};
		C1232BBDCADD7AC9FE70DB4D /* [CP] Embed Pods Frameworks */ = {
			isa = PBXShellScriptBuildPhase;
			buildActionMask = 2147483647;
			files = (
			);
			inputPaths = (
			);
			name = "[CP] Embed Pods Frameworks";
			outputPaths = (
			);
			runOnlyForDeploymentPostprocessing = 0;
			shellPath = /bin/sh;
			shellScript = "\"${SRCROOT}/Pods/Target Support Files/Pods-FoodMoodTests/Pods-FoodMoodTests-frameworks.sh\"\n";
			showEnvVarsInLog = 0;
		};
		C4DFA2378F3CC9CDD8CD6B5B /* [CP] Embed Pods Frameworks */ = {
			isa = PBXShellScriptBuildPhase;
			buildActionMask = 2147483647;
			files = (
			);
			inputPaths = (
			);
			name = "[CP] Embed Pods Frameworks";
			outputPaths = (
			);
			runOnlyForDeploymentPostprocessing = 0;
			shellPath = /bin/sh;
			shellScript = "\"${SRCROOT}/Pods/Target Support Files/Pods-FoodMoodUITests/Pods-FoodMoodUITests-frameworks.sh\"\n";
			showEnvVarsInLog = 0;
		};
/* End PBXShellScriptBuildPhase section */

/* Begin PBXSourcesBuildPhase section */
		D401C5C1203B989B006B1A11 /* Sources */ = {
			isa = PBXSourcesBuildPhase;
			buildActionMask = 2147483647;
			files = (
				D4AA9732204E0824008F3371 /* LoginViewController.swift in Sources */,
				D401C5CB203B989B006B1A11 /* ViewController.swift in Sources */,
				D401C5C9203B989B006B1A11 /* AppDelegate.swift in Sources */,
			);
			runOnlyForDeploymentPostprocessing = 0;
		};
		D401C5D5203B989B006B1A11 /* Sources */ = {
			isa = PBXSourcesBuildPhase;
			buildActionMask = 2147483647;
			files = (
				D401C5DE203B989B006B1A11 /* FoodMoodTests.swift in Sources */,
			);
			runOnlyForDeploymentPostprocessing = 0;
		};
		D401C5E0203B989B006B1A11 /* Sources */ = {
			isa = PBXSourcesBuildPhase;
			buildActionMask = 2147483647;
			files = (
				D401C5E9203B989B006B1A11 /* FoodMoodUITests.swift in Sources */,
			);
			runOnlyForDeploymentPostprocessing = 0;
		};
/* End PBXSourcesBuildPhase section */

/* Begin PBXTargetDependency section */
		D401C5DB203B989B006B1A11 /* PBXTargetDependency */ = {
			isa = PBXTargetDependency;
			target = D401C5C4203B989B006B1A11 /* FoodMood */;
			targetProxy = D401C5DA203B989B006B1A11 /* PBXContainerItemProxy */;
		};
		D401C5E6203B989B006B1A11 /* PBXTargetDependency */ = {
			isa = PBXTargetDependency;
			target = D401C5C4203B989B006B1A11 /* FoodMood */;
			targetProxy = D401C5E5203B989B006B1A11 /* PBXContainerItemProxy */;
		};
/* End PBXTargetDependency section */

/* Begin PBXVariantGroup section */
		D401C5CC203B989B006B1A11 /* Main.storyboard */ = {
			isa = PBXVariantGroup;
			children = (
				D401C5CD203B989B006B1A11 /* Base */,
			);
			name = Main.storyboard;
			sourceTree = "<group>";
		};
		D401C5D1203B989B006B1A11 /* LaunchScreen.storyboard */ = {
			isa = PBXVariantGroup;
			children = (
				D401C5D2203B989B006B1A11 /* Base */,
			);
			name = LaunchScreen.storyboard;
			sourceTree = "<group>";
		};
/* End PBXVariantGroup section */

/* Begin XCBuildConfiguration section */
		D401C5EB203B989B006B1A11 /* Debug */ = {
			isa = XCBuildConfiguration;
			buildSettings = {
				ALWAYS_SEARCH_USER_PATHS = NO;
				CLANG_ANALYZER_NONNULL = YES;
				CLANG_ANALYZER_NUMBER_OBJECT_CONVERSION = YES_AGGRESSIVE;
				CLANG_CXX_LANGUAGE_STANDARD = "gnu++14";
				CLANG_CXX_LIBRARY = "libc++";
				CLANG_ENABLE_MODULES = YES;
				CLANG_ENABLE_OBJC_ARC = YES;
				CLANG_WARN_BLOCK_CAPTURE_AUTORELEASING = YES;
				CLANG_WARN_BOOL_CONVERSION = YES;
				CLANG_WARN_COMMA = YES;
				CLANG_WARN_CONSTANT_CONVERSION = YES;
				CLANG_WARN_DIRECT_OBJC_ISA_USAGE = YES_ERROR;
				CLANG_WARN_DOCUMENTATION_COMMENTS = YES;
				CLANG_WARN_EMPTY_BODY = YES;
				CLANG_WARN_ENUM_CONVERSION = YES;
				CLANG_WARN_INFINITE_RECURSION = YES;
				CLANG_WARN_INT_CONVERSION = YES;
				CLANG_WARN_NON_LITERAL_NULL_CONVERSION = YES;
				CLANG_WARN_OBJC_LITERAL_CONVERSION = YES;
				CLANG_WARN_OBJC_ROOT_CLASS = YES_ERROR;
				CLANG_WARN_RANGE_LOOP_ANALYSIS = YES;
				CLANG_WARN_STRICT_PROTOTYPES = YES;
				CLANG_WARN_SUSPICIOUS_MOVE = YES;
				CLANG_WARN_UNGUARDED_AVAILABILITY = YES_AGGRESSIVE;
				CLANG_WARN_UNREACHABLE_CODE = YES;
				CLANG_WARN__DUPLICATE_METHOD_MATCH = YES;
				CODE_SIGN_IDENTITY = "iPhone Developer";
				COPY_PHASE_STRIP = NO;
				DEBUG_INFORMATION_FORMAT = dwarf;
				ENABLE_STRICT_OBJC_MSGSEND = YES;
				ENABLE_TESTABILITY = YES;
				GCC_C_LANGUAGE_STANDARD = gnu11;
				GCC_DYNAMIC_NO_PIC = NO;
				GCC_NO_COMMON_BLOCKS = YES;
				GCC_OPTIMIZATION_LEVEL = 0;
				GCC_PREPROCESSOR_DEFINITIONS = (
					"DEBUG=1",
					"$(inherited)",
				);
				GCC_WARN_64_TO_32_BIT_CONVERSION = YES;
				GCC_WARN_ABOUT_RETURN_TYPE = YES_ERROR;
				GCC_WARN_UNDECLARED_SELECTOR = YES;
				GCC_WARN_UNINITIALIZED_AUTOS = YES_AGGRESSIVE;
				GCC_WARN_UNUSED_FUNCTION = YES;
				GCC_WARN_UNUSED_VARIABLE = YES;
				IPHONEOS_DEPLOYMENT_TARGET = 11.2;
				MTL_ENABLE_DEBUG_INFO = YES;
				ONLY_ACTIVE_ARCH = YES;
				SDKROOT = iphoneos;
				SWIFT_ACTIVE_COMPILATION_CONDITIONS = DEBUG;
				SWIFT_OPTIMIZATION_LEVEL = "-Onone";
			};
			name = Debug;
		};
		D401C5EC203B989B006B1A11 /* Release */ = {
			isa = XCBuildConfiguration;
			buildSettings = {
				ALWAYS_SEARCH_USER_PATHS = NO;
				CLANG_ANALYZER_NONNULL = YES;
				CLANG_ANALYZER_NUMBER_OBJECT_CONVERSION = YES_AGGRESSIVE;
				CLANG_CXX_LANGUAGE_STANDARD = "gnu++14";
				CLANG_CXX_LIBRARY = "libc++";
				CLANG_ENABLE_MODULES = YES;
				CLANG_ENABLE_OBJC_ARC = YES;
				CLANG_WARN_BLOCK_CAPTURE_AUTORELEASING = YES;
				CLANG_WARN_BOOL_CONVERSION = YES;
				CLANG_WARN_COMMA = YES;
				CLANG_WARN_CONSTANT_CONVERSION = YES;
				CLANG_WARN_DIRECT_OBJC_ISA_USAGE = YES_ERROR;
				CLANG_WARN_DOCUMENTATION_COMMENTS = YES;
				CLANG_WARN_EMPTY_BODY = YES;
				CLANG_WARN_ENUM_CONVERSION = YES;
				CLANG_WARN_INFINITE_RECURSION = YES;
				CLANG_WARN_INT_CONVERSION = YES;
				CLANG_WARN_NON_LITERAL_NULL_CONVERSION = YES;
				CLANG_WARN_OBJC_LITERAL_CONVERSION = YES;
				CLANG_WARN_OBJC_ROOT_CLASS = YES_ERROR;
				CLANG_WARN_RANGE_LOOP_ANALYSIS = YES;
				CLANG_WARN_STRICT_PROTOTYPES = YES;
				CLANG_WARN_SUSPICIOUS_MOVE = YES;
				CLANG_WARN_UNGUARDED_AVAILABILITY = YES_AGGRESSIVE;
				CLANG_WARN_UNREACHABLE_CODE = YES;
				CLANG_WARN__DUPLICATE_METHOD_MATCH = YES;
				CODE_SIGN_IDENTITY = "iPhone Developer";
				COPY_PHASE_STRIP = NO;
				DEBUG_INFORMATION_FORMAT = "dwarf-with-dsym";
				ENABLE_NS_ASSERTIONS = NO;
				ENABLE_STRICT_OBJC_MSGSEND = YES;
				GCC_C_LANGUAGE_STANDARD = gnu11;
				GCC_NO_COMMON_BLOCKS = YES;
				GCC_WARN_64_TO_32_BIT_CONVERSION = YES;
				GCC_WARN_ABOUT_RETURN_TYPE = YES_ERROR;
				GCC_WARN_UNDECLARED_SELECTOR = YES;
				GCC_WARN_UNINITIALIZED_AUTOS = YES_AGGRESSIVE;
				GCC_WARN_UNUSED_FUNCTION = YES;
				GCC_WARN_UNUSED_VARIABLE = YES;
				IPHONEOS_DEPLOYMENT_TARGET = 11.2;
				MTL_ENABLE_DEBUG_INFO = NO;
				SDKROOT = iphoneos;
				SWIFT_OPTIMIZATION_LEVEL = "-Owholemodule";
				VALIDATE_PRODUCT = YES;
			};
			name = Release;
		};
		D401C5EE203B989B006B1A11 /* Debug */ = {
			isa = XCBuildConfiguration;
			baseConfigurationReference = 1B4700925890CDAD21E42A2A /* Pods-FoodMood.debug.xcconfig */;
			buildSettings = {
				ASSETCATALOG_COMPILER_APPICON_NAME = AppIcon;
				CODE_SIGN_STYLE = Automatic;
				INFOPLIST_FILE = FoodMood/Info.plist;
				LD_RUNPATH_SEARCH_PATHS = "$(inherited) @executable_path/Frameworks";
				PRODUCT_BUNDLE_IDENTIFIER = FoodMood.FoodMood;
				PRODUCT_NAME = "$(TARGET_NAME)";
				SWIFT_VERSION = 4.0;
				TARGETED_DEVICE_FAMILY = "1,2";
			};
			name = Debug;
		};
		D401C5EF203B989B006B1A11 /* Release */ = {
			isa = XCBuildConfiguration;
			baseConfigurationReference = C2C72B4C87CE3907A0DFCB0A /* Pods-FoodMood.release.xcconfig */;
			buildSettings = {
				ASSETCATALOG_COMPILER_APPICON_NAME = AppIcon;
				CODE_SIGN_STYLE = Automatic;
				INFOPLIST_FILE = FoodMood/Info.plist;
				LD_RUNPATH_SEARCH_PATHS = "$(inherited) @executable_path/Frameworks";
				PRODUCT_BUNDLE_IDENTIFIER = FoodMood.FoodMood;
				PRODUCT_NAME = "$(TARGET_NAME)";
				SWIFT_VERSION = 4.0;
				TARGETED_DEVICE_FAMILY = "1,2";
			};
			name = Release;
		};
		D401C5F1203B989B006B1A11 /* Debug */ = {
			isa = XCBuildConfiguration;
			baseConfigurationReference = 3FB6AA8C07BEB0CEE5F112A9 /* Pods-FoodMoodTests.debug.xcconfig */;
			buildSettings = {
				ALWAYS_EMBED_SWIFT_STANDARD_LIBRARIES = YES;
				BUNDLE_LOADER = "$(TEST_HOST)";
				CODE_SIGN_STYLE = Automatic;
				INFOPLIST_FILE = FoodMoodTests/Info.plist;
				LD_RUNPATH_SEARCH_PATHS = "$(inherited) @executable_path/Frameworks @loader_path/Frameworks";
				PRODUCT_BUNDLE_IDENTIFIER = FoodMood.FoodMoodTests;
				PRODUCT_NAME = "$(TARGET_NAME)";
				SWIFT_VERSION = 4.0;
				TARGETED_DEVICE_FAMILY = "1,2";
				TEST_HOST = "$(BUILT_PRODUCTS_DIR)/FoodMood.app/FoodMood";
			};
			name = Debug;
		};
		D401C5F2203B989B006B1A11 /* Release */ = {
			isa = XCBuildConfiguration;
			baseConfigurationReference = A25ED1D169E1BC87A7D4D7C3 /* Pods-FoodMoodTests.release.xcconfig */;
			buildSettings = {
				ALWAYS_EMBED_SWIFT_STANDARD_LIBRARIES = YES;
				BUNDLE_LOADER = "$(TEST_HOST)";
				CODE_SIGN_STYLE = Automatic;
				INFOPLIST_FILE = FoodMoodTests/Info.plist;
				LD_RUNPATH_SEARCH_PATHS = "$(inherited) @executable_path/Frameworks @loader_path/Frameworks";
				PRODUCT_BUNDLE_IDENTIFIER = FoodMood.FoodMoodTests;
				PRODUCT_NAME = "$(TARGET_NAME)";
				SWIFT_VERSION = 4.0;
				TARGETED_DEVICE_FAMILY = "1,2";
				TEST_HOST = "$(BUILT_PRODUCTS_DIR)/FoodMood.app/FoodMood";
			};
			name = Release;
		};
		D401C5F4203B989B006B1A11 /* Debug */ = {
			isa = XCBuildConfiguration;
			baseConfigurationReference = 7C98F6DEC3B4E8693805199A /* Pods-FoodMoodUITests.debug.xcconfig */;
			buildSettings = {
				ALWAYS_EMBED_SWIFT_STANDARD_LIBRARIES = YES;
				CODE_SIGN_STYLE = Automatic;
				INFOPLIST_FILE = FoodMoodUITests/Info.plist;
				LD_RUNPATH_SEARCH_PATHS = "$(inherited) @executable_path/Frameworks @loader_path/Frameworks";
				PRODUCT_BUNDLE_IDENTIFIER = FoodMood.FoodMoodUITests;
				PRODUCT_NAME = "$(TARGET_NAME)";
				SWIFT_VERSION = 4.0;
				TARGETED_DEVICE_FAMILY = "1,2";
				TEST_TARGET_NAME = FoodMood;
			};
			name = Debug;
		};
		D401C5F5203B989B006B1A11 /* Release */ = {
			isa = XCBuildConfiguration;
			baseConfigurationReference = 7E5EB3B908FE7449E6EB197F /* Pods-FoodMoodUITests.release.xcconfig */;
			buildSettings = {
				ALWAYS_EMBED_SWIFT_STANDARD_LIBRARIES = YES;
				CODE_SIGN_STYLE = Automatic;
				INFOPLIST_FILE = FoodMoodUITests/Info.plist;
				LD_RUNPATH_SEARCH_PATHS = "$(inherited) @executable_path/Frameworks @loader_path/Frameworks";
				PRODUCT_BUNDLE_IDENTIFIER = FoodMood.FoodMoodUITests;
				PRODUCT_NAME = "$(TARGET_NAME)";
				SWIFT_VERSION = 4.0;
				TARGETED_DEVICE_FAMILY = "1,2";
				TEST_TARGET_NAME = FoodMood;
			};
			name = Release;
		};
/* End XCBuildConfiguration section */

/* Begin XCConfigurationList section */
		D401C5C0203B989B006B1A11 /* Build configuration list for PBXProject "FoodMood" */ = {
			isa = XCConfigurationList;
			buildConfigurations = (
				D401C5EB203B989B006B1A11 /* Debug */,
				D401C5EC203B989B006B1A11 /* Release */,
			);
			defaultConfigurationIsVisible = 0;
			defaultConfigurationName = Release;
		};
		D401C5ED203B989B006B1A11 /* Build configuration list for PBXNativeTarget "FoodMood" */ = {
			isa = XCConfigurationList;
			buildConfigurations = (
				D401C5EE203B989B006B1A11 /* Debug */,
				D401C5EF203B989B006B1A11 /* Release */,
			);
			defaultConfigurationIsVisible = 0;
			defaultConfigurationName = Release;
		};
		D401C5F0203B989B006B1A11 /* Build configuration list for PBXNativeTarget "FoodMoodTests" */ = {
			isa = XCConfigurationList;
			buildConfigurations = (
				D401C5F1203B989B006B1A11 /* Debug */,
				D401C5F2203B989B006B1A11 /* Release */,
			);
			defaultConfigurationIsVisible = 0;
			defaultConfigurationName = Release;
		};
		D401C5F3203B989B006B1A11 /* Build configuration list for PBXNativeTarget "FoodMoodUITests" */ = {
			isa = XCConfigurationList;
			buildConfigurations = (
				D401C5F4203B989B006B1A11 /* Debug */,
				D401C5F5203B989B006B1A11 /* Release */,
			);
			defaultConfigurationIsVisible = 0;
			defaultConfigurationName = Release;
		};
/* End XCConfigurationList section */
	};
	rootObject = D401C5BD203B989B006B1A11 /* Project object */;
}
